Microsoft Visual Studio Solution File, Format Version 11.00
# Visual Studio 2010
Project("{8BC9CEB8-8B4A-11D0-8D11-00A0C91BC942}") = "Converter", "Converter\Converter.vcxproj", "{2D5F8B1B-46C3-467B-A065-AED4320B38DD}"
EndProject
Project("{8BC9CEB8-8B4A-11D0-8D11-00A0C91BC942}") = "libmad", "Engine\libmad\msvc++\libmad.vcxproj", "{8B5DCAB5-827B-47DF-8B06-3804B7482DE6}"
EndProject
Project("{8BC9CEB8-8B4A-11D0-8D11-00A0C91BC942}") = "libsamplerate", "Engine\libsamplerate\SrcDll.vcxproj", "{57F26BC5-D2CF-48AA-A669-769A653E9E24}"
EndProject
Project("{8BC9CEB8-8B4A-11D0-8D11-00A0C91BC942}") = "libsndfile", "Engine\libsndfile\libsndfile.vcxproj", "{B79A4446-ABE3-4F07-BFEA-4951FFDB6C06}"
EndProject
Project("{8BC9CEB8-8B4A-11D0-8D11-00A0C91BC942}") = "madlldlib", "Engine\madlldlib\madlldlib-1.0b7.vcxproj", "{35C4C303-C986-4C3D-A7D1-4BD4D9EAF5AC}"
EndProject
Project("{F184B08F-C81C-45F6-A57F-5ABD9991F28F}") = "clientTreeViewDll", "Interface\exploreTreeViewDll\clientTreeViewDll.vbproj", "{CC9EAF98-42B9-47F4-9D99-4847E8A0B967}"
EndProject
Project("{F184B08F-C81C-45F6-A57F-5ABD9991F28F}") = "clientPrepareUI", "Interface\clientPrepareUI\clientPrepareUI.vbproj", "{FF13F58F-119E-4C1A-B777-1F4587E1BE5F}"
	ProjectSection(ProjectDependencies) = postProject
		{2D5F8B1B-46C3-467B-A065-AED4320B38DD} = {2D5F8B1B-46C3-467B-A065-AED4320B38DD}
	EndProjectSection
EndProject
Project("{FAE04EC0-301F-11D3-BF4B-00C04F79EFBC}") = "ServerAutomaticConverter", "Interface\ServerAutomaticConverter\ServerAutomaticConverter.csproj", "{C2908265-FB74-4F3A-9C8D-268E4C15CAC8}"
EndProject
Global
	GlobalSection(SolutionConfigurationPlatforms) = preSolution
		Debug|Any CPU = Debug|Any CPU
		Debug|Mixed Platforms = Debug|Mixed Platforms
		Debug|Win32 = Debug|Win32
		Debug|x86 = Debug|x86
		Release - dll (fast)|Any CPU = Release - dll (fast)|Any CPU
		Release - dll (fast)|Mixed Platforms = Release - dll (fast)|Mixed Platforms
		Release - dll (fast)|Win32 = Release - dll (fast)|Win32
		Release - dll (fast)|x86 = Release - dll (fast)|x86
		Release - dll|Any CPU = Release - dll|Any CPU
		Release - dll|Mixed Platforms = Release - dll|Mixed Platforms
		Release - dll|Win32 = Release - dll|Win32
		Release - dll|x86 = Release - dll|x86
		Release (fast)|Any CPU = Release (fast)|Any CPU
		Release (fast)|Mixed Platforms = Release (fast)|Mixed Platforms
		Release (fast)|Win32 = Release (fast)|Win32
		Release (fast)|x86 = Release (fast)|x86
		Release|Any CPU = Release|Any CPU
		Release|Mixed Platforms = Release|Mixed Platforms
		Release|Win32 = Release|Win32
		Release|x86 = Release|x86
	EndGlobalSection
	GlobalSection(ProjectConfigurationPlatforms) = postSolution
		{2D5F8B1B-46C3-467B-A065-AED4320B38DD}.Debug|Any CPU.ActiveCfg = Debug|Win32
		{2D5F8B1B-46C3-467B-A065-AED4320B38DD}.Debug|Mixed Platforms.ActiveCfg = Debug|Win32
		{2D5F8B1B-46C3-467B-A065-AED4320B38DD}.Debug|Mixed Platforms.Build.0 = Debug|Win32
		{2D5F8B1B-46C3-467B-A065-AED4320B38DD}.Debug|Win32.ActiveCfg = Debug|Win32
		{2D5F8B1B-46C3-467B-A065-AED4320B38DD}.Debug|Win32.Build.0 = Debug|Win32
		{2D5F8B1B-46C3-467B-A065-AED4320B38DD}.Debug|x86.ActiveCfg = Debug|Win32
		{2D5F8B1B-46C3-467B-A065-AED4320B38DD}.Release - dll (fast)|Any CPU.ActiveCfg = Release|Win32
		{2D5F8B1B-46C3-467B-A065-AED4320B38DD}.Release - dll (fast)|Mixed Platforms.ActiveCfg = Release|Win32
		{2D5F8B1B-46C3-467B-A065-AED4320B38DD}.Release - dll (fast)|Mixed Platforms.Build.0 = Release|Win32
		{2D5F8B1B-46C3-467B-A065-AED4320B38DD}.Release - dll (fast)|Win32.ActiveCfg = Release|Win32
		{2D5F8B1B-46C3-467B-A065-AED4320B38DD}.Release - dll (fast)|Win32.Build.0 = Release|Win32
		{2D5F8B1B-46C3-467B-A065-AED4320B38DD}.Release - dll (fast)|x86.ActiveCfg = Release|Win32
		{2D5F8B1B-46C3-467B-A065-AED4320B38DD}.Release - dll|Any CPU.ActiveCfg = Release|Win32
		{2D5F8B1B-46C3-467B-A065-AED4320B38DD}.Release - dll|Mixed Platforms.ActiveCfg = Release|Win32
		{2D5F8B1B-46C3-467B-A065-AED4320B38DD}.Release - dll|Mixed Platforms.Build.0 = Release|Win32
		{2D5F8B1B-46C3-467B-A065-AED4320B38DD}.Release - dll|Win32.ActiveCfg = Release|Win32
		{2D5F8B1B-46C3-467B-A065-AED4320B38DD}.Release - dll|Win32.Build.0 = Release|Win32
		{2D5F8B1B-46C3-467B-A065-AED4320B38DD}.Release - dll|x86.ActiveCfg = Release|Win32
		{2D5F8B1B-46C3-467B-A065-AED4320B38DD}.Release (fast)|Any CPU.ActiveCfg = Release|Win32
		{2D5F8B1B-46C3-467B-A065-AED4320B38DD}.Release (fast)|Mixed Platforms.ActiveCfg = Release|Win32
		{2D5F8B1B-46C3-467B-A065-AED4320B38DD}.Release (fast)|Win32.ActiveCfg = Release|Win32
		{2D5F8B1B-46C3-467B-A065-AED4320B38DD}.Release (fast)|Win32.Build.0 = Release|Win32
		{2D5F8B1B-46C3-467B-A065-AED4320B38DD}.Release (fast)|x86.ActiveCfg = Release|Win32
		{2D5F8B1B-46C3-467B-A065-AED4320B38DD}.Release|Any CPU.ActiveCfg = Release|Win32
		{2D5F8B1B-46C3-467B-A065-AED4320B38DD}.Release|Mixed Platforms.ActiveCfg = Release|Win32
		{2D5F8B1B-46C3-467B-A065-AED4320B38DD}.Release|Mixed Platforms.Build.0 = Release|Win32
		{2D5F8B1B-46C3-467B-A065-AED4320B38DD}.Release|Win32.ActiveCfg = Release|Win32
		{2D5F8B1B-46C3-467B-A065-AED4320B38DD}.Release|Win32.Build.0 = Release|Win32
		{2D5F8B1B-46C3-467B-A065-AED4320B38DD}.Release|x86.ActiveCfg = Release|Win32
		{8B5DCAB5-827B-47DF-8B06-3804B7482DE6}.Debug|Any CPU.ActiveCfg = Debug|Win32
		{8B5DCAB5-827B-47DF-8B06-3804B7482DE6}.Debug|Mixed Platforms.ActiveCfg = Debug|Win32
		{8B5DCAB5-827B-47DF-8B06-3804B7482DE6}.Debug|Mixed Platforms.Build.0 = Debug|Win32
		{8B5DCAB5-827B-47DF-8B06-3804B7482DE6}.Debug|Win32.ActiveCfg = Debug|Win32
		{8B5DCAB5-827B-47DF-8B06-3804B7482DE6}.Debug|Win32.Build.0 = Debug|Win32
		{8B5DCAB5-827B-47DF-8B06-3804B7482DE6}.Debug|x86.ActiveCfg = Debug|Win32
		{8B5DCAB5-827B-47DF-8B06-3804B7482DE6}.Release - dll (fast)|Any CPU.ActiveCfg = Release|Win32
		{8B5DCAB5-827B-47DF-8B06-3804B7482DE6}.Release - dll (fast)|Mixed Platforms.ActiveCfg = Release|Win32
		{8B5DCAB5-827B-47DF-8B06-3804B7482DE6}.Release - dll (fast)|Mixed Platforms.Build.0 = Release|Win32
		{8B5DCAB5-827B-47DF-8B06-3804B7482DE6}.Release - dll (fast)|Win32.ActiveCfg = Release|Win32
		{8B5DCAB5-827B-47DF-8B06-3804B7482DE6}.Release - dll (fast)|Win32.Build.0 = Release|Win32
		{8B5DCAB5-827B-47DF-8B06-3804B7482DE6}.Release - dll (fast)|x86.ActiveCfg = Release|Win32
		{8B5DCAB5-827B-47DF-8B06-3804B7482DE6}.Release - dll|Any CPU.ActiveCfg = Release|Win32
		{8B5DCAB5-827B-47DF-8B06-3804B7482DE6}.Release - dll|Mixed Platforms.ActiveCfg = Release|Win32
		{8B5DCAB5-827B-47DF-8B06-3804B7482DE6}.Release - dll|Mixed Platforms.Build.0 = Release|Win32
		{8B5DCAB5-827B-47DF-8B06-3804B7482DE6}.Release - dll|Win32.ActiveCfg = Release|Win32
		{8B5DCAB5-827B-47DF-8B06-3804B7482DE6}.Release - dll|Win32.Build.0 = Release|Win32
		{8B5DCAB5-827B-47DF-8B06-3804B7482DE6}.Release - dll|x86.ActiveCfg = Release|Win32
		{8B5DCAB5-827B-47DF-8B06-3804B7482DE6}.Release (fast)|Any CPU.ActiveCfg = Release|Win32
		{8B5DCAB5-827B-47DF-8B06-3804B7482DE6}.Release (fast)|Mixed Platforms.ActiveCfg = Release|Win32
		{8B5DCAB5-827B-47DF-8B06-3804B7482DE6}.Release (fast)|Win32.ActiveCfg = Release|Win32
		{8B5DCAB5-827B-47DF-8B06-3804B7482DE6}.Release (fast)|Win32.Build.0 = Release|Win32
		{8B5DCAB5-827B-47DF-8B06-3804B7482DE6}.Release (fast)|x86.ActiveCfg = Release|Win32
		{8B5DCAB5-827B-47DF-8B06-3804B7482DE6}.Release|Any CPU.ActiveCfg = Release|Win32
		{8B5DCAB5-827B-47DF-8B06-3804B7482DE6}.Release|Mixed Platforms.ActiveCfg = Release|Win32
		{8B5DCAB5-827B-47DF-8B06-3804B7482DE6}.Release|Mixed Platforms.Build.0 = Release|Win32
		{8B5DCAB5-827B-47DF-8B06-3804B7482DE6}.Release|Win32.ActiveCfg = Release|Win32
		{8B5DCAB5-827B-47DF-8B06-3804B7482DE6}.Release|Win32.Build.0 = Release|Win32
		{8B5DCAB5-827B-47DF-8B06-3804B7482DE6}.Release|x86.ActiveCfg = Release|Win32
		{57F26BC5-D2CF-48AA-A669-769A653E9E24}.Debug|Any CPU.ActiveCfg = Debug|Win32
		{57F26BC5-D2CF-48AA-A669-769A653E9E24}.Debug|Mixed Platforms.ActiveCfg = Debug|Win32
		{57F26BC5-D2CF-48AA-A669-769A653E9E24}.Debug|Mixed Platforms.Build.0 = Debug|Win32
		{57F26BC5-D2CF-48AA-A669-769A653E9E24}.Debug|Win32.ActiveCfg = Debug|Win32
		{57F26BC5-D2CF-48AA-A669-769A653E9E24}.Debug|Win32.Build.0 = Debug|Win32
		{57F26BC5-D2CF-48AA-A669-769A653E9E24}.Debug|x86.ActiveCfg = Debug|Win32
		{57F26BC5-D2CF-48AA-A669-769A653E9E24}.Release - dll (fast)|Any CPU.ActiveCfg = Release|Win32
		{57F26BC5-D2CF-48AA-A669-769A653E9E24}.Release - dll (fast)|Mixed Platforms.ActiveCfg = Release|Win32
		{57F26BC5-D2CF-48AA-A669-769A653E9E24}.Release - dll (fast)|Mixed Platforms.Build.0 = Release|Win32
		{57F26BC5-D2CF-48AA-A669-769A653E9E24}.Release - dll (fast)|Win32.ActiveCfg = Release|Win32
		{57F26BC5-D2CF-48AA-A669-769A653E9E24}.Release - dll (fast)|Win32.Build.0 = Release|Win32
		{57F26BC5-D2CF-48AA-A669-769A653E9E24}.Release - dll (fast)|x86.ActiveCfg = Release|Win32
		{57F26BC5-D2CF-48AA-A669-769A653E9E24}.Release - dll|Any CPU.ActiveCfg = Release|Win32
		{57F26BC5-D2CF-48AA-A669-769A653E9E24}.Release - dll|Mixed Platforms.ActiveCfg = Release|Win32
		{57F26BC5-D2CF-48AA-A669-769A653E9E24}.Release - dll|Mixed Platforms.Build.0 = Release|Win32
		{57F26BC5-D2CF-48AA-A669-769A653E9E24}.Release - dll|Win32.ActiveCfg = Release|Win32
		{57F26BC5-D2CF-48AA-A669-769A653E9E24}.Release - dll|Win32.Build.0 = Release|Win32
		{57F26BC5-D2CF-48AA-A669-769A653E9E24}.Release - dll|x86.ActiveCfg = Release|Win32
		{57F26BC5-D2CF-48AA-A669-769A653E9E24}.Release (fast)|Any CPU.ActiveCfg = Release|Win32
		{57F26BC5-D2CF-48AA-A669-769A653E9E24}.Release (fast)|Mixed Platforms.ActiveCfg = Release|Win32
		{57F26BC5-D2CF-48AA-A669-769A653E9E24}.Release (fast)|Win32.ActiveCfg = Release|Win32
		{57F26BC5-D2CF-48AA-A669-769A653E9E24}.Release (fast)|Win32.Build.0 = Release|Win32
		{57F26BC5-D2CF-48AA-A669-769A653E9E24}.Release (fast)|x86.ActiveCfg = Release|Win32
		{57F26BC5-D2CF-48AA-A669-769A653E9E24}.Release|Any CPU.ActiveCfg = Release|Win32
		{57F26BC5-D2CF-48AA-A669-769A653E9E24}.Release|Mixed Platforms.ActiveCfg = Release|Win32
		{57F26BC5-D2CF-48AA-A669-769A653E9E24}.Release|Mixed Platforms.Build.0 = Release|Win32
		{57F26BC5-D2CF-48AA-A669-769A653E9E24}.Release|Win32.ActiveCfg = Release|Win32
		{57F26BC5-D2CF-48AA-A669-769A653E9E24}.Release|Win32.Build.0 = Release|Win32
		{57F26BC5-D2CF-48AA-A669-769A653E9E24}.Release|x86.ActiveCfg = Release|Win32
		{B79A4446-ABE3-4F07-BFEA-4951FFDB6C06}.Debug|Any CPU.ActiveCfg = Debug|Win32
		{B79A4446-ABE3-4F07-BFEA-4951FFDB6C06}.Debug|Mixed Platforms.ActiveCfg = Debug|Win32
		{B79A4446-ABE3-4F07-BFEA-4951FFDB6C06}.Debug|Mixed Platforms.Build.0 = Debug|Win32
		{B79A4446-ABE3-4F07-BFEA-4951FFDB6C06}.Debug|Win32.ActiveCfg = Debug|Win32
		{B79A4446-ABE3-4F07-BFEA-4951FFDB6C06}.Debug|Win32.Build.0 = Debug|Win32
		{B79A4446-ABE3-4F07-BFEA-4951FFDB6C06}.Debug|x86.ActiveCfg = Debug|Win32
		{B79A4446-ABE3-4F07-BFEA-4951FFDB6C06}.Release - dll (fast)|Any CPU.ActiveCfg = Release|Win32
		{B79A4446-ABE3-4F07-BFEA-4951FFDB6C06}.Release - dll (fast)|Mixed Platforms.ActiveCfg = Release|Win32
		{B79A4446-ABE3-4F07-BFEA-4951FFDB6C06}.Release - dll (fast)|Mixed Platforms.Build.0 = Release|Win32
		{B79A4446-ABE3-4F07-BFEA-4951FFDB6C06}.Release - dll (fast)|Win32.ActiveCfg = Release|Win32
		{B79A4446-ABE3-4F07-BFEA-4951FFDB6C06}.Release - dll (fast)|Win32.Build.0 = Release|Win32
		{B79A4446-ABE3-4F07-BFEA-4951FFDB6C06}.Release - dll (fast)|x86.ActiveCfg = Release|Win32
		{B79A4446-ABE3-4F07-BFEA-4951FFDB6C06}.Release - dll|Any CPU.ActiveCfg = Release|Win32
		{B79A4446-ABE3-4F07-BFEA-4951FFDB6C06}.Release - dll|Mixed Platforms.ActiveCfg = Release|Win32
		{B79A4446-ABE3-4F07-BFEA-4951FFDB6C06}.Release - dll|Mixed Platforms.Build.0 = Release|Win32
		{B79A4446-ABE3-4F07-BFEA-4951FFDB6C06}.Release - dll|Win32.ActiveCfg = Release|Win32
		{B79A4446-ABE3-4F07-BFEA-4951FFDB6C06}.Release - dll|Win32.Build.0 = Release|Win32
		{B79A4446-ABE3-4F07-BFEA-4951FFDB6C06}.Release - dll|x86.ActiveCfg = Release|Win32
		{B79A4446-ABE3-4F07-BFEA-4951FFDB6C06}.Release (fast)|Any CPU.ActiveCfg = Release|Win32
		{B79A4446-ABE3-4F07-BFEA-4951FFDB6C06}.Release (fast)|Mixed Platforms.ActiveCfg = Release|Win32
		{B79A4446-ABE3-4F07-BFEA-4951FFDB6C06}.Release (fast)|Win32.ActiveCfg = Release|Win32
		{B79A4446-ABE3-4F07-BFEA-4951FFDB6C06}.Release (fast)|Win32.Build.0 = Release|Win32
		{B79A4446-ABE3-4F07-BFEA-4951FFDB6C06}.Release (fast)|x86.ActiveCfg = Release|Win32
		{B79A4446-ABE3-4F07-BFEA-4951FFDB6C06}.Release|Any CPU.ActiveCfg = Release|Win32
		{B79A4446-ABE3-4F07-BFEA-4951FFDB6C06}.Release|Mixed Platforms.ActiveCfg = Release|Win32
		{B79A4446-ABE3-4F07-BFEA-4951FFDB6C06}.Release|Mixed Platforms.Build.0 = Release|Win32
		{B79A4446-ABE3-4F07-BFEA-4951FFDB6C06}.Release|Win32.ActiveCfg = Release|Win32
		{B79A4446-ABE3-4F07-BFEA-4951FFDB6C06}.Release|Win32.Build.0 = Release|Win32
		{B79A4446-ABE3-4F07-BFEA-4951FFDB6C06}.Release|x86.ActiveCfg = Release|Win32
		{35C4C303-C986-4C3D-A7D1-4BD4D9EAF5AC}.Debug|Any CPU.ActiveCfg = Debug|Win32
		{35C4C303-C986-4C3D-A7D1-4BD4D9EAF5AC}.Debug|Mixed Platforms.ActiveCfg = Debug|Win32
		{35C4C303-C986-4C3D-A7D1-4BD4D9EAF5AC}.Debug|Mixed Platforms.Build.0 = Debug|Win32
		{35C4C303-C986-4C3D-A7D1-4BD4D9EAF5AC}.Debug|Win32.ActiveCfg = Debug|Win32
		{35C4C303-C986-4C3D-A7D1-4BD4D9EAF5AC}.Debug|Win32.Build.0 = Debug|Win32
		{35C4C303-C986-4C3D-A7D1-4BD4D9EAF5AC}.Debug|x86.ActiveCfg = Debug|Win32
		{35C4C303-C986-4C3D-A7D1-4BD4D9EAF5AC}.Release - dll (fast)|Any CPU.ActiveCfg = Release|Win32
		{35C4C303-C986-4C3D-A7D1-4BD4D9EAF5AC}.Release - dll (fast)|Mixed Platforms.ActiveCfg = Release|Win32
		{35C4C303-C986-4C3D-A7D1-4BD4D9EAF5AC}.Release - dll (fast)|Mixed Platforms.Build.0 = Release|Win32
		{35C4C303-C986-4C3D-A7D1-4BD4D9EAF5AC}.Release - dll (fast)|Win32.ActiveCfg = Release|Win32
		{35C4C303-C986-4C3D-A7D1-4BD4D9EAF5AC}.Release - dll (fast)|Win32.Build.0 = Release|Win32
		{35C4C303-C986-4C3D-A7D1-4BD4D9EAF5AC}.Release - dll (fast)|x86.ActiveCfg = Release|Win32
		{35C4C303-C986-4C3D-A7D1-4BD4D9EAF5AC}.Release - dll|Any CPU.ActiveCfg = Release|Win32
		{35C4C303-C986-4C3D-A7D1-4BD4D9EAF5AC}.Release - dll|Mixed Platforms.ActiveCfg = Release|Win32
		{35C4C303-C986-4C3D-A7D1-4BD4D9EAF5AC}.Release - dll|Mixed Platforms.Build.0 = Release|Win32
		{35C4C303-C986-4C3D-A7D1-4BD4D9EAF5AC}.Release - dll|Win32.ActiveCfg = Release|Win32
		{35C4C303-C986-4C3D-A7D1-4BD4D9EAF5AC}.Release - dll|Win32.Build.0 = Release|Win32
		{35C4C303-C986-4C3D-A7D1-4BD4D9EAF5AC}.Release - dll|x86.ActiveCfg = Release|Win32
		{35C4C303-C986-4C3D-A7D1-4BD4D9EAF5AC}.Release (fast)|Any CPU.ActiveCfg = Release|Win32
		{35C4C303-C986-4C3D-A7D1-4BD4D9EAF5AC}.Release (fast)|Mixed Platforms.ActiveCfg = Release|Win32
		{35C4C303-C986-4C3D-A7D1-4BD4D9EAF5AC}.Release (fast)|Win32.ActiveCfg = Release|Win32
		{35C4C303-C986-4C3D-A7D1-4BD4D9EAF5AC}.Release (fast)|Win32.Build.0 = Release|Win32
		{35C4C303-C986-4C3D-A7D1-4BD4D9EAF5AC}.Release (fast)|x86.ActiveCfg = Release|Win32
		{35C4C303-C986-4C3D-A7D1-4BD4D9EAF5AC}.Release|Any CPU.ActiveCfg = Release|Win32
		{35C4C303-C986-4C3D-A7D1-4BD4D9EAF5AC}.Release|Mixed Platforms.ActiveCfg = Release|Win32
		{35C4C303-C986-4C3D-A7D1-4BD4D9EAF5AC}.Release|Mixed Platforms.Build.0 = Release|Win32
		{35C4C303-C986-4C3D-A7D1-4BD4D9EAF5AC}.Release|Win32.ActiveCfg = Release|Win32
		{35C4C303-C986-4C3D-A7D1-4BD4D9EAF5AC}.Release|Win32.Build.0 = Release|Win32
		{35C4C303-C986-4C3D-A7D1-4BD4D9EAF5AC}.Release|x86.ActiveCfg = Release|Win32
		{CC9EAF98-42B9-47F4-9D99-4847E8A0B967}.Debug|Any CPU.ActiveCfg = Debug|Any CPU
		{CC9EAF98-42B9-47F4-9D99-4847E8A0B967}.Debug|Any CPU.Build.0 = Debug|Any CPU
		{CC9EAF98-42B9-47F4-9D99-4847E8A0B967}.Debug|Mixed Platforms.ActiveCfg = Debug|Any CPU
		{CC9EAF98-42B9-47F4-9D99-4847E8A0B967}.Debug|Mixed Platforms.Build.0 = Debug|Any CPU
		{CC9EAF98-42B9-47F4-9D99-4847E8A0B967}.Debug|Win32.ActiveCfg = Debug|Any CPU
		{CC9EAF98-42B9-47F4-9D99-4847E8A0B967}.Debug|x86.ActiveCfg = Debug|Any CPU
		{CC9EAF98-42B9-47F4-9D99-4847E8A0B967}.Release - dll (fast)|Any CPU.ActiveCfg = Release|Any CPU
		{CC9EAF98-42B9-47F4-9D99-4847E8A0B967}.Release - dll (fast)|Any CPU.Build.0 = Release|Any CPU
		{CC9EAF98-42B9-47F4-9D99-4847E8A0B967}.Release - dll (fast)|Mixed Platforms.ActiveCfg = Release|Any CPU
		{CC9EAF98-42B9-47F4-9D99-4847E8A0B967}.Release - dll (fast)|Mixed Platforms.Build.0 = Release|Any CPU
		{CC9EAF98-42B9-47F4-9D99-4847E8A0B967}.Release - dll (fast)|Win32.ActiveCfg = Release|Any CPU
		{CC9EAF98-42B9-47F4-9D99-4847E8A0B967}.Release - dll (fast)|x86.ActiveCfg = Release|Any CPU
		{CC9EAF98-42B9-47F4-9D99-4847E8A0B967}.Release - dll|Any CPU.ActiveCfg = Release|Any CPU
		{CC9EAF98-42B9-47F4-9D99-4847E8A0B967}.Release - dll|Any CPU.Build.0 = Release|Any CPU
		{CC9EAF98-42B9-47F4-9D99-4847E8A0B967}.Release - dll|Mixed Platforms.ActiveCfg = Release|Any CPU
		{CC9EAF98-42B9-47F4-9D99-4847E8A0B967}.Release - dll|Mixed Platforms.Build.0 = Release|Any CPU
		{CC9EAF98-42B9-47F4-9D99-4847E8A0B967}.Release - dll|Win32.ActiveCfg = Release|Any CPU
		{CC9EAF98-42B9-47F4-9D99-4847E8A0B967}.Release - dll|x86.ActiveCfg = Release|Any CPU
		{CC9EAF98-42B9-47F4-9D99-4847E8A0B967}.Release (fast)|Any CPU.ActiveCfg = Release|Any CPU
		{CC9EAF98-42B9-47F4-9D99-4847E8A0B967}.Release (fast)|Any CPU.Build.0 = Release|Any CPU
		{CC9EAF98-42B9-47F4-9D99-4847E8A0B967}.Release (fast)|Mixed Platforms.ActiveCfg = Release|Any CPU
		{CC9EAF98-42B9-47F4-9D99-4847E8A0B967}.Release (fast)|Mixed Platforms.Build.0 = Release|Any CPU
		{CC9EAF98-42B9-47F4-9D99-4847E8A0B967}.Release (fast)|Win32.ActiveCfg = Release|Any CPU
		{CC9EAF98-42B9-47F4-9D99-4847E8A0B967}.Release (fast)|x86.ActiveCfg = Release|Any CPU
		{CC9EAF98-42B9-47F4-9D99-4847E8A0B967}.Release|Any CPU.ActiveCfg = Release|Any CPU
		{CC9EAF98-42B9-47F4-9D99-4847E8A0B967}.Release|Any CPU.Build.0 = Release|Any CPU
		{CC9EAF98-42B9-47F4-9D99-4847E8A0B967}.Release|Mixed Platforms.ActiveCfg = Release|Any CPU
		{CC9EAF98-42B9-47F4-9D99-4847E8A0B967}.Release|Mixed Platforms.Build.0 = Release|Any CPU
		{CC9EAF98-42B9-47F4-9D99-4847E8A0B967}.Release|Win32.ActiveCfg = Release|Any CPU
		{CC9EAF98-42B9-47F4-9D99-4847E8A0B967}.Release|x86.ActiveCfg = Release|Any CPU
		{FF13F58F-119E-4C1A-B777-1F4587E1BE5F}.Debug|Any CPU.ActiveCfg = Debug|Any CPU
		{FF13F58F-119E-4C1A-B777-1F4587E1BE5F}.Debug|Any CPU.Build.0 = Debug|Any CPU
		{FF13F58F-119E-4C1A-B777-1F4587E1BE5F}.Debug|Mixed Platforms.ActiveCfg = Debug|Any CPU
		{FF13F58F-119E-4C1A-B777-1F4587E1BE5F}.Debug|Mixed Platforms.Build.0 = Debug|Any CPU
		{FF13F58F-119E-4C1A-B777-1F4587E1BE5F}.Debug|Win32.ActiveCfg = Debug|Any CPU
		{FF13F58F-119E-4C1A-B777-1F4587E1BE5F}.Debug|x86.ActiveCfg = Debug|Any CPU
		{FF13F58F-119E-4C1A-B777-1F4587E1BE5F}.Release - dll (fast)|Any CPU.ActiveCfg = Release|Any CPU
		{FF13F58F-119E-4C1A-B777-1F4587E1BE5F}.Release - dll (fast)|Any CPU.Build.0 = Release|Any CPU
		{FF13F58F-119E-4C1A-B777-1F4587E1BE5F}.Release - dll (fast)|Mixed Platforms.ActiveCfg = Release|Any CPU
		{FF13F58F-119E-4C1A-B777-1F4587E1BE5F}.Release - dll (fast)|Mixed Platforms.Build.0 = Release|Any CPU
		{FF13F58F-119E-4C1A-B777-1F4587E1BE5F}.Release - dll (fast)|Win32.ActiveCfg = Release|Any CPU
		{FF13F58F-119E-4C1A-B777-1F4587E1BE5F}.Release - dll (fast)|x86.ActiveCfg = Release|Any CPU
		{FF13F58F-119E-4C1A-B777-1F4587E1BE5F}.Release - dll|Any CPU.ActiveCfg = Release|Any CPU
		{FF13F58F-119E-4C1A-B777-1F4587E1BE5F}.Release - dll|Any CPU.Build.0 = Release|Any CPU
		{FF13F58F-119E-4C1A-B777-1F4587E1BE5F}.Release - dll|Mixed Platforms.ActiveCfg = Release|Any CPU
		{FF13F58F-119E-4C1A-B777-1F4587E1BE5F}.Release - dll|Mixed Platforms.Build.0 = Release|Any CPU
		{FF13F58F-119E-4C1A-B777-1F4587E1BE5F}.Release - dll|Win32.ActiveCfg = Release|Any CPU
		{FF13F58F-119E-4C1A-B777-1F4587E1BE5F}.Release - dll|x86.ActiveCfg = Release|Any CPU
		{FF13F58F-119E-4C1A-B777-1F4587E1BE5F}.Release (fast)|Any CPU.ActiveCfg = Release|Any CPU
		{FF13F58F-119E-4C1A-B777-1F4587E1BE5F}.Release (fast)|Any CPU.Build.0 = Release|Any CPU
		{FF13F58F-119E-4C1A-B777-1F4587E1BE5F}.Release (fast)|Mixed Platforms.ActiveCfg = Release|Any CPU
		{FF13F58F-119E-4C1A-B777-1F4587E1BE5F}.Release (fast)|Mixed Platforms.Build.0 = Release|Any CPU
		{FF13F58F-119E-4C1A-B777-1F4587E1BE5F}.Release (fast)|Win32.ActiveCfg = Release|Any CPU
		{FF13F58F-119E-4C1A-B777-1F4587E1BE5F}.Release (fast)|x86.ActiveCfg = Release|Any CPU
		{FF13F58F-119E-4C1A-B777-1F4587E1BE5F}.Release|Any CPU.ActiveCfg = Release|Any CPU
		{FF13F58F-119E-4C1A-B777-1F4587E1BE5F}.Release|Any CPU.Build.0 = Release|Any CPU
		{FF13F58F-119E-4C1A-B777-1F4587E1BE5F}.Release|Mixed Platforms.ActiveCfg = Release|Any CPU
		{FF13F58F-119E-4C1A-B777-1F4587E1BE5F}.Release|Mixed Platforms.Build.0 = Release|Any CPU
		{FF13F58F-119E-4C1A-B777-1F4587E1BE5F}.Release|Win32.ActiveCfg = Release|Any CPU
		{FF13F58F-119E-4C1A-B777-1F4587E1BE5F}.Release|x86.ActiveCfg = Release|Any CPU
		{C2908265-FB74-4F3A-9C8D-268E4C15CAC8}.Debug|Any CPU.ActiveCfg = Debug|x86
		{C2908265-FB74-4F3A-9C8D-268E4C15CAC8}.Debug|Mixed Platforms.ActiveCfg = Debug|x86
		{C2908265-FB74-4F3A-9C8D-268E4C15CAC8}.Debug|Mixed Platforms.Build.0 = Debug|x86
		{C2908265-FB74-4F3A-9C8D-268E4C15CAC8}.Debug|Win32.ActiveCfg = Debug|x86
		{C2908265-FB74-4F3A-9C8D-268E4C15CAC8}.Debug|x86.ActiveCfg = Debug|x86
		{C2908265-FB74-4F3A-9C8D-268E4C15CAC8}.Debug|x86.Build.0 = Debug|x86
		{C2908265-FB74-4F3A-9C8D-268E4C15CAC8}.Release - dll (fast)|Any CPU.ActiveCfg = Release|x86
		{C2908265-FB74-4F3A-9C8D-268E4C15CAC8}.Release - dll (fast)|Mixed Platforms.ActiveCfg = Release|x86
		{C2908265-FB74-4F3A-9C8D-268E4C15CAC8}.Release - dll (fast)|Mixed Platforms.Build.0 = Release|x86
		{C2908265-FB74-4F3A-9C8D-268E4C15CAC8}.Release - dll (fast)|Win32.ActiveCfg = Release|x86
		{C2908265-FB74-4F3A-9C8D-268E4C15CAC8}.Release - dll (fast)|x86.ActiveCfg = Release|x86
		{C2908265-FB74-4F3A-9C8D-268E4C15CAC8}.Release - dll (fast)|x86.Build.0 = Release|x86
		{C2908265-FB74-4F3A-9C8D-268E4C15CAC8}.Release - dll|Any CPU.ActiveCfg = Release|x86
		{C2908265-FB74-4F3A-9C8D-268E4C15CAC8}.Release - dll|Mixed Platforms.ActiveCfg = Release|x86
		{C2908265-FB74-4F3A-9C8D-268E4C15CAC8}.Release - dll|Mixed Platforms.Build.0 = Release|x86
		{C2908265-FB74-4F3A-9C8D-268E4C15CAC8}.Release - dll|Win32.ActiveCfg = Release|x86
		{C2908265-FB74-4F3A-9C8D-268E4C15CAC8}.Release - dll|x86.ActiveCfg = Release|x86
		{C2908265-FB74-4F3A-9C8D-268E4C15CAC8}.Release - dll|x86.Build.0 = Release|x86
		{C2908265-FB74-4F3A-9C8D-268E4C15CAC8}.Release (fast)|Any CPU.ActiveCfg = Release|x86
		{C2908265-FB74-4F3A-9C8D-268E4C15CAC8}.Release (fast)|Mixed Platforms.ActiveCfg = Release|x86
		{C2908265-FB74-4F3A-9C8D-268E4C15CAC8}.Release (fast)|Mixed Platforms.Build.0 = Release|x86
		{C2908265-FB74-4F3A-9C8D-268E4C15CAC8}.Release (fast)|Win32.ActiveCfg = Release|x86
		{C2908265-FB74-4F3A-9C8D-268E4C15CAC8}.Release (fast)|x86.ActiveCfg = Release|x86
		{C2908265-FB74-4F3A-9C8D-268E4C15CAC8}.Release (fast)|x86.Build.0 = Release|x86
		{C2908265-FB74-4F3A-9C8D-268E4C15CAC8}.Release|Any CPU.ActiveCfg = Release|x86
		{C2908265-FB74-4F3A-9C8D-268E4C15CAC8}.Release|Mixed Platforms.ActiveCfg = Release|x86
		{C2908265-FB74-4F3A-9C8D-268E4C15CAC8}.Release|Mixed Platforms.Build.0 = Release|x86
		{C2908265-FB74-4F3A-9C8D-268E4C15CAC8}.Release|Win32.ActiveCfg = Release|x86
		{C2908265-FB74-4F3A-9C8D-268E4C15CAC8}.Release|x86.ActiveCfg = Release|x86
		{C2908265-FB74-4F3A-9C8D-268E4C15CAC8}.Release|x86.Build.0 = Release|x86
	EndGlobalSection
	GlobalSection(SolutionProperties) = preSolution
		HideSolutionNode = FALSE
	EndGlobalSection
EndGlobal
